
Microsoft Visual Studio Solution File, Format Version 12.00
# Visual Studio Version 17
VisualStudioVersion = 17.3.32929.385
MinimumVisualStudioVersion = 10.0.40219.1
Project("{FAE04EC0-301F-11D3-BF4B-00C04F79EFBC}") = "P6Shop_API_LeonardoCortes", "P6Shop_API_LeonardoCortes\P6Shop_API_LeonardoCortes.csproj", "{6DDAB8CC-23E7-490D-A6B7-62F54468EE15}"
EndProject
Global
	GlobalSection(SolutionConfigurationPlatforms) = preSolution
		Debug|Any CPU = Debug|Any CPU
		Release|Any CPU = Release|Any CPU
	EndGlobalSection
	GlobalSection(ProjectConfigurationPlatforms) = postSolution
		{6DDAB8CC-23E7-490D-A6B7-62F54468EE15}.Debug|Any CPU.ActiveCfg = Debug|Any CPU
		{6DDAB8CC-23E7-490D-A6B7-62F54468EE15}.Debug|Any CPU.Build.0 = Debug|Any CPU
		{6DDAB8CC-23E7-490D-A6B7-62F54468EE15}.Release|Any CPU.ActiveCfg = Release|Any CPU
		{6DDAB8CC-23E7-490D-A6B7-62F54468EE15}.Release|Any CPU.Build.0 = Release|Any CPU
	EndGlobalSection
	GlobalSection(SolutionProperties) = preSolution
		HideSolutionNode = FALSE
	EndGlobalSection
	GlobalSection(ExtensibilityGlobals) = postSolution
		SolutionGuid = {5A5C8FC1-EA69-47A7-9514-D1C04C800422}
	EndGlobalSection
EndGlobal
